
Microsoft Visual Studio Solution File, Format Version 12.00
# Visual Studio Version 17
VisualStudioVersion = 17.10.34928.147
MinimumVisualStudioVersion = 10.0.40219.1
Project("{9A19103F-16F7-4668-BE54-9A1E7A4F7556}") = "Strategy", "Strategy\Strategy.csproj", "{C4FFB30D-3975-415F-9072-1C568ACB4040}"
EndProject
Project("{2150E333-8FDC-42A3-9474-1A3956D46DE8}") = "BehavioralPatterns", "BehavioralPatterns", "{9953BABD-9634-4E66-82FE-D6E20ABF7E1E}"
EndProject
Project("{2150E333-8FDC-42A3-9474-1A3956D46DE8}") = "Solution Items", "Solution Items", "{CCFF05A7-437D-41EB-AE4E-05B02E37D081}"
EndProject
Project("{9A19103F-16F7-4668-BE54-9A1E7A4F7556}") = "ChainOfResponsibility", "ChainOfResponsibility\ChainOfResponsibility.csproj", "{625D0BD8-2058-4F32-B7B9-C331FBE2948E}"
EndProject
Project("{2150E333-8FDC-42A3-9474-1A3956D46DE8}") = "CreationalPatterns", "CreationalPatterns", "{3768F7E7-ADA0-438C-9AF8-6245B323A01D}"
EndProject
Project("{9A19103F-16F7-4668-BE54-9A1E7A4F7556}") = "AbstractFactory", "AbstractFactory\AbstractFactory.csproj", "{2CD36FE7-E5E9-43D2-92B4-F4784435D29F}"
EndProject
Project("{9A19103F-16F7-4668-BE54-9A1E7A4F7556}") = "FactoryMethod", "FactoryMethod\FactoryMethod.csproj", "{A42F3424-1620-4975-9FB5-AFAD0CF941CD}"
EndProject
Project("{2150E333-8FDC-42A3-9474-1A3956D46DE8}") = "StructuralPatterns", "StructuralPatterns", "{2D62FE31-0320-4DB5-A55C-2FEDD2670173}"
EndProject
Project("{9A19103F-16F7-4668-BE54-9A1E7A4F7556}") = "Adapter", "Adapter\Adapter.csproj", "{7947D274-A3BF-4192-9ADA-16EE504B59F4}"
EndProject
Project("{9A19103F-16F7-4668-BE54-9A1E7A4F7556}") = "Facade", "Facade\Facade.csproj", "{04BC8E37-D802-4F11-9416-2560CB435535}"
EndProject
Project("{2150E333-8FDC-42A3-9474-1A3956D46DE8}") = "Extras", "Extras", "{0DCD5682-2930-461E-A6ED-772848DF368E}"
EndProject
Project("{2150E333-8FDC-42A3-9474-1A3956D46DE8}") = "CreationalPatterns", "CreationalPatterns", "{45408BD0-983D-4CF3-9AF7-C57C3F33BAB2}"
EndProject
Project("{9A19103F-16F7-4668-BE54-9A1E7A4F7556}") = "Builder", "Builder\Builder.csproj", "{9C42B479-2E96-4408-B1CD-51E3FE7F7954}"
EndProject
Project("{9A19103F-16F7-4668-BE54-9A1E7A4F7556}") = "Prototype", "Prototype\Prototype.csproj", "{74985C42-3380-4901-BA73-6CEAE9FF7DC2}"
EndProject
Project("{FAE04EC0-301F-11D3-BF4B-00C04F79EFBC}") = "Flyweight", "Flyweight\Flyweight.csproj", "{60AD6BDF-47ED-4A2B-8885-1C7B3CC18C01}"
EndProject
Project("{FAE04EC0-301F-11D3-BF4B-00C04F79EFBC}") = "TemplateMethod", "TemplateMethod\TemplateMethod.csproj", "{014EC7A8-D3FD-4DCB-9C71-5A4BEDBCF525}"
EndProject
Global
	GlobalSection(SolutionConfigurationPlatforms) = preSolution
		Debug|Any CPU = Debug|Any CPU
		Release|Any CPU = Release|Any CPU
	EndGlobalSection
	GlobalSection(ProjectConfigurationPlatforms) = postSolution
		{C4FFB30D-3975-415F-9072-1C568ACB4040}.Debug|Any CPU.ActiveCfg = Debug|Any CPU
		{C4FFB30D-3975-415F-9072-1C568ACB4040}.Debug|Any CPU.Build.0 = Debug|Any CPU
		{C4FFB30D-3975-415F-9072-1C568ACB4040}.Release|Any CPU.ActiveCfg = Release|Any CPU
		{C4FFB30D-3975-415F-9072-1C568ACB4040}.Release|Any CPU.Build.0 = Release|Any CPU
		{625D0BD8-2058-4F32-B7B9-C331FBE2948E}.Debug|Any CPU.ActiveCfg = Debug|Any CPU
		{625D0BD8-2058-4F32-B7B9-C331FBE2948E}.Debug|Any CPU.Build.0 = Debug|Any CPU
		{625D0BD8-2058-4F32-B7B9-C331FBE2948E}.Release|Any CPU.ActiveCfg = Release|Any CPU
		{625D0BD8-2058-4F32-B7B9-C331FBE2948E}.Release|Any CPU.Build.0 = Release|Any CPU
		{2CD36FE7-E5E9-43D2-92B4-F4784435D29F}.Debug|Any CPU.ActiveCfg = Debug|Any CPU
		{2CD36FE7-E5E9-43D2-92B4-F4784435D29F}.Debug|Any CPU.Build.0 = Debug|Any CPU
		{2CD36FE7-E5E9-43D2-92B4-F4784435D29F}.Release|Any CPU.ActiveCfg = Release|Any CPU
		{2CD36FE7-E5E9-43D2-92B4-F4784435D29F}.Release|Any CPU.Build.0 = Release|Any CPU
		{A42F3424-1620-4975-9FB5-AFAD0CF941CD}.Debug|Any CPU.ActiveCfg = Debug|Any CPU
		{A42F3424-1620-4975-9FB5-AFAD0CF941CD}.Debug|Any CPU.Build.0 = Debug|Any CPU
		{A42F3424-1620-4975-9FB5-AFAD0CF941CD}.Release|Any CPU.ActiveCfg = Release|Any CPU
		{A42F3424-1620-4975-9FB5-AFAD0CF941CD}.Release|Any CPU.Build.0 = Release|Any CPU
		{7947D274-A3BF-4192-9ADA-16EE504B59F4}.Debug|Any CPU.ActiveCfg = Debug|Any CPU
		{7947D274-A3BF-4192-9ADA-16EE504B59F4}.Debug|Any CPU.Build.0 = Debug|Any CPU
		{7947D274-A3BF-4192-9ADA-16EE504B59F4}.Release|Any CPU.ActiveCfg = Release|Any CPU
		{7947D274-A3BF-4192-9ADA-16EE504B59F4}.Release|Any CPU.Build.0 = Release|Any CPU
		{04BC8E37-D802-4F11-9416-2560CB435535}.Debug|Any CPU.ActiveCfg = Debug|Any CPU
		{04BC8E37-D802-4F11-9416-2560CB435535}.Debug|Any CPU.Build.0 = Debug|Any CPU
		{04BC8E37-D802-4F11-9416-2560CB435535}.Release|Any CPU.ActiveCfg = Release|Any CPU
		{04BC8E37-D802-4F11-9416-2560CB435535}.Release|Any CPU.Build.0 = Release|Any CPU
		{9C42B479-2E96-4408-B1CD-51E3FE7F7954}.Debug|Any CPU.ActiveCfg = Debug|Any CPU
		{9C42B479-2E96-4408-B1CD-51E3FE7F7954}.Debug|Any CPU.Build.0 = Debug|Any CPU
		{9C42B479-2E96-4408-B1CD-51E3FE7F7954}.Release|Any CPU.ActiveCfg = Release|Any CPU
		{9C42B479-2E96-4408-B1CD-51E3FE7F7954}.Release|Any CPU.Build.0 = Release|Any CPU
		{74985C42-3380-4901-BA73-6CEAE9FF7DC2}.Debug|Any CPU.ActiveCfg = Debug|Any CPU
		{74985C42-3380-4901-BA73-6CEAE9FF7DC2}.Debug|Any CPU.Build.0 = Debug|Any CPU
		{74985C42-3380-4901-BA73-6CEAE9FF7DC2}.Release|Any CPU.ActiveCfg = Release|Any CPU
		{74985C42-3380-4901-BA73-6CEAE9FF7DC2}.Release|Any CPU.Build.0 = Release|Any CPU
		{60AD6BDF-47ED-4A2B-8885-1C7B3CC18C01}.Debug|Any CPU.ActiveCfg = Debug|Any CPU
		{60AD6BDF-47ED-4A2B-8885-1C7B3CC18C01}.Debug|Any CPU.Build.0 = Debug|Any CPU
		{60AD6BDF-47ED-4A2B-8885-1C7B3CC18C01}.Release|Any CPU.ActiveCfg = Release|Any CPU
		{60AD6BDF-47ED-4A2B-8885-1C7B3CC18C01}.Release|Any CPU.Build.0 = Release|Any CPU
		{014EC7A8-D3FD-4DCB-9C71-5A4BEDBCF525}.Debug|Any CPU.ActiveCfg = Debug|Any CPU
		{014EC7A8-D3FD-4DCB-9C71-5A4BEDBCF525}.Debug|Any CPU.Build.0 = Debug|Any CPU
		{014EC7A8-D3FD-4DCB-9C71-5A4BEDBCF525}.Release|Any CPU.ActiveCfg = Release|Any CPU
		{014EC7A8-D3FD-4DCB-9C71-5A4BEDBCF525}.Release|Any CPU.Build.0 = Release|Any CPU
	EndGlobalSection
	GlobalSection(SolutionProperties) = preSolution
		HideSolutionNode = FALSE
	EndGlobalSection
	GlobalSection(NestedProjects) = preSolution
		{C4FFB30D-3975-415F-9072-1C568ACB4040} = {9953BABD-9634-4E66-82FE-D6E20ABF7E1E}
		{625D0BD8-2058-4F32-B7B9-C331FBE2948E} = {9953BABD-9634-4E66-82FE-D6E20ABF7E1E}
		{2CD36FE7-E5E9-43D2-92B4-F4784435D29F} = {3768F7E7-ADA0-438C-9AF8-6245B323A01D}
		{A42F3424-1620-4975-9FB5-AFAD0CF941CD} = {3768F7E7-ADA0-438C-9AF8-6245B323A01D}
		{7947D274-A3BF-4192-9ADA-16EE504B59F4} = {2D62FE31-0320-4DB5-A55C-2FEDD2670173}
		{04BC8E37-D802-4F11-9416-2560CB435535} = {2D62FE31-0320-4DB5-A55C-2FEDD2670173}
		{45408BD0-983D-4CF3-9AF7-C57C3F33BAB2} = {0DCD5682-2930-461E-A6ED-772848DF368E}
		{9C42B479-2E96-4408-B1CD-51E3FE7F7954} = {3768F7E7-ADA0-438C-9AF8-6245B323A01D}
		{74985C42-3380-4901-BA73-6CEAE9FF7DC2} = {3768F7E7-ADA0-438C-9AF8-6245B323A01D}
		{60AD6BDF-47ED-4A2B-8885-1C7B3CC18C01} = {2D62FE31-0320-4DB5-A55C-2FEDD2670173}
		{014EC7A8-D3FD-4DCB-9C71-5A4BEDBCF525} = {9953BABD-9634-4E66-82FE-D6E20ABF7E1E}
	EndGlobalSection
	GlobalSection(ExtensibilityGlobals) = postSolution
		SolutionGuid = {8418114C-D574-4FDC-B6D7-E236418959FE}
	EndGlobalSection
EndGlobal
